lockfileVersion: '9.0'

settings:
  autoInstallPeers: true
  excludeLinksFromLockfile: false

importers:

  .:
    dependencies:
      '@types/react-speech-recognition':
        specifier: ^3.9.6
        version: 3.9.6
      react-speech-recognition:
        specifier: ^4.0.1
        version: 4.0.1(react@19.1.0)

packages:

  '@types/dom-speech-recognition@0.0.6':
    resolution: {integrity: sha512-o7pAVq9UQPJL5RDjO1f/fcpfFHdgiMnR4PoIU2N/ZQrYOS3C5rzdOJMsrpqeBCbii2EE9mERXgqspQqPDdPahw==}

  '@types/react-speech-recognition@3.9.6':
    resolution: {integrity: sha512-cdzwXIZXWyp8zfM2XI7APDW1rZf4Nz73T4SIS2y+cC7zHnZluCdumYKH6HacxgxJH+zemAq2oXbHWXcyW0eT3A==}

  lodash.debounce@4.0.8:
    resolution: {integrity: sha512-FT1yDzDYEoYWhnSGnpE/4Kj1fLZkDFyqRb7fNt6FdYOSxlUWAtp42Eh6Wb0rGIv/m9Bgo7x4GhQbm5Ys4SG5ow==}

  react-speech-recognition@4.0.1:
    resolution: {integrity: sha512-0fIqzLtfY8vuYA6AmJVK7qiabZx0oFKOO+rbiBgFI3COWVGREy0A+gdU16hWXmFebeyrI8JsOLYsWk6WaHUXRw==}
    peerDependencies:
      react: '>=16.8.0'

  react@19.1.0:
    resolution: {integrity: sha512-FS+XFBNvn3GTAWq26joslQgWNoFu08F4kl0J4CgdNKADkdSGXQyTCnKteIAJy96Br6YbpEU1LSzV5dYtjMkMDg==}
    engines: {node: '>=0.10.0'}

snapshots:

  '@types/dom-speech-recognition@0.0.6': {}

  '@types/react-speech-recognition@3.9.6':
    dependencies:
      '@types/dom-speech-recognition': 0.0.6

  lodash.debounce@4.0.8: {}

  react-speech-recognition@4.0.1(react@19.1.0):
    dependencies:
      lodash.debounce: 4.0.8
      react: 19.1.0

  react@19.1.0: {}
